{
  "version": 4,
  "terraform_version": "1.5.7",
  "serial": 37,
  "lineage": "77231020-238f-39ce-4b82-05b912cef844",
  "outputs": {},
  "resources": [
    {
      "mode": "data",
      "type": "archive_file",
      "name": "default",
      "provider": "provider[\"registry.terraform.io/hashicorp/archive\"]",
      "instances": [
        {
          "schema_version": 0,
          "attributes": {
            "exclude_symlink_directories": null,
            "excludes": null,
            "id": "86fe42744ecfd2fb9bfb93a2b12de8ec9ab1e077",
            "output_base64sha256": "t8Ml++Lmm8f9tgNU1MN8NRzdhmm52hn8nB8mN3G/00o=",
            "output_base64sha512": "6frnd8d0nkTEWI99SPiAFYuB5UM57O1UeR6YWXnWGrYrSRBGFJnAsFZqookhlS9L9TJA0VInPCkLLViWn2mTEA==",
            "output_file_mode": null,
            "output_md5": "86035de6cee3b99e7616f1ac15a2b48e",
            "output_path": "/tmp/function-source.zip",
            "output_sha": "86fe42744ecfd2fb9bfb93a2b12de8ec9ab1e077",
            "output_sha256": "b7c325fbe2e69bc7fdb60354d4c37c351cdd8669b9da19fc9c1f263771bfd34a",
            "output_sha512": "e9fae777c7749e44c4588f7d48f880158b81e54339eced54791e985979d61ab62b4910461499c0b0566aa28921952f4bf53240d152273c290b2d58969f699310",
            "output_size": 806,
            "source": [],
            "source_content": null,
            "source_content_filename": null,
            "source_dir": "src",
            "source_file": null,
            "type": "zip"
          },
          "sensitive_attributes": []
        }
      ]
    },
    {
      "mode": "managed",
      "type": "google_cloudfunctions2_function",
      "name": "default",
      "provider": "provider[\"registry.terraform.io/hashicorp/google\"]",
      "instances": [
        {
          "schema_version": 0,
          "attributes": {
            "build_config": [
              {
                "build": "projects/868514304426/locations/asia-northeast1/builds/93fff18f-4419-4124-882c-e150cacc4799",
                "docker_repository": "",
                "entry_point": "helloPubSub",
                "environment_variables": {
                  "BUILD_CONFIG_TEST": "build_test"
                },
                "runtime": "nodejs16",
                "source": [
                  {
                    "repo_source": [],
                    "storage_source": [
                      {
                        "bucket": "5d687083ba51c1e1-gcf-source",
                        "generation": 1701067166071355,
                        "object": "function-source.zip"
                      }
                    ]
                  }
                ],
                "worker_pool": ""
              }
            ],
            "description": "a new function",
            "effective_labels": {},
            "environment": "GEN_2",
            "event_trigger": [
              {
                "event_filters": [],
                "event_type": "google.cloud.pubsub.topic.v1.messagePublished",
                "pubsub_topic": "projects/gomibako/topics/functions2-topic",
                "retry_policy": "RETRY_POLICY_RETRY",
                "service_account_email": "868514304426-compute@developer.gserviceaccount.com",
                "trigger": "projects/gomibako/locations/asia-northeast1/triggers/function-435130",
                "trigger_region": "asia-northeast1"
              }
            ],
            "id": "projects/gomibako/locations/asia-northeast1/functions/function",
            "kms_key_name": "",
            "labels": null,
            "location": "asia-northeast1",
            "name": "function",
            "project": "gomibako",
            "service_config": [
              {
                "all_traffic_on_latest_revision": true,
                "available_cpu": "0.1666",
                "available_memory": "256M",
                "environment_variables": {
                  "SERVICE_CONFIG_TEST": "config_test"
                },
                "gcf_uri": "",
                "ingress_settings": "ALLOW_INTERNAL_ONLY",
                "max_instance_count": 3,
                "max_instance_request_concurrency": 1,
                "min_instance_count": 1,
                "secret_environment_variables": [],
                "secret_volumes": [],
                "service": "projects/gomibako/locations/asia-northeast1/services/function",
                "service_account_email": "test-gcf-sa@gomibako.iam.gserviceaccount.com",
                "timeout_seconds": 60,
                "uri": "https://function-o3mqeyloeq-an.a.run.app",
                "vpc_connector": "",
                "vpc_connector_egress_settings": ""
              }
            ],
            "state": "ACTIVE",
            "terraform_labels": {},
            "timeouts": null,
            "update_time": "2023-11-27T06:40:37.040776151Z",
            "url": "https://asia-northeast1-gomibako.cloudfunctions.net/function"
          },
          "sensitive_attributes": [],
          "private": "eyJlMmJmYjczMC1lY2FhLTExZTYtOGY4OC0zNDM2M2JjN2M0YzAiOnsiY3JlYXRlIjozNjAwMDAwMDAwMDAwLCJkZWxldGUiOjM2MDAwMDAwMDAwMDAsInVwZGF0ZSI6MzYwMDAwMDAwMDAwMH19",
          "dependencies": [
            "data.archive_file.default",
            "google_pubsub_topic.default",
            "google_service_account.default",
            "google_storage_bucket.default",
            "google_storage_bucket_object.default"
          ]
        }
      ]
    },
    {
      "mode": "managed",
      "type": "google_pubsub_topic",
      "name": "default",
      "provider": "provider[\"registry.terraform.io/hashicorp/google\"]",
      "instances": [
        {
          "schema_version": 0,
          "attributes": {
            "effective_labels": {},
            "id": "projects/gomibako/topics/functions2-topic",
            "kms_key_name": "",
            "labels": {},
            "message_retention_duration": "",
            "message_storage_policy": [],
            "name": "functions2-topic",
            "project": "gomibako",
            "schema_settings": [],
            "terraform_labels": {},
            "timeouts": null
          },
          "sensitive_attributes": [],
          "private": "eyJlMmJmYjczMC1lY2FhLTExZTYtOGY4OC0zNDM2M2JjN2M0YzAiOnsiY3JlYXRlIjoxMjAwMDAwMDAwMDAwLCJkZWxldGUiOjEyMDAwMDAwMDAwMDAsInVwZGF0ZSI6MTIwMDAwMDAwMDAwMH19"
        }
      ]
    },
    {
      "mode": "managed",
      "type": "google_service_account",
      "name": "default",
      "provider": "provider[\"registry.terraform.io/hashicorp/google\"]",
      "instances": [
        {
          "schema_version": 0,
          "attributes": {
            "account_id": "test-gcf-sa",
            "description": "",
            "disabled": false,
            "display_name": "Test Service Account",
            "email": "test-gcf-sa@gomibako.iam.gserviceaccount.com",
            "id": "projects/gomibako/serviceAccounts/test-gcf-sa@gomibako.iam.gserviceaccount.com",
            "member": "serviceAccount:test-gcf-sa@gomibako.iam.gserviceaccount.com",
            "name": "projects/gomibako/serviceAccounts/test-gcf-sa@gomibako.iam.gserviceaccount.com",
            "project": "gomibako",
            "timeouts": null,
            "unique_id": "116213395709853415490"
          },
          "sensitive_attributes": [],
          "private": "eyJlMmJmYjczMC1lY2FhLTExZTYtOGY4OC0zNDM2M2JjN2M0YzAiOnsiY3JlYXRlIjozMDAwMDAwMDAwMDB9fQ=="
        }
      ]
    },
    {
      "mode": "managed",
      "type": "google_storage_bucket",
      "name": "default",
      "provider": "provider[\"registry.terraform.io/hashicorp/google\"]",
      "instances": [
        {
          "schema_version": 1,
          "attributes": {
            "autoclass": [],
            "cors": [],
            "custom_placement_config": [],
            "default_event_based_hold": false,
            "effective_labels": {},
            "enable_object_retention": false,
            "encryption": [],
            "force_destroy": false,
            "id": "5d687083ba51c1e1-gcf-source",
            "labels": {},
            "lifecycle_rule": [],
            "location": "ASIA-NORTHEAST1",
            "logging": [],
            "name": "5d687083ba51c1e1-gcf-source",
            "project": "gomibako",
            "public_access_prevention": "inherited",
            "requester_pays": false,
            "retention_policy": [],
            "self_link": "https://www.googleapis.com/storage/v1/b/5d687083ba51c1e1-gcf-source",
            "storage_class": "STANDARD",
            "terraform_labels": {},
            "timeouts": null,
            "uniform_bucket_level_access": true,
            "url": "gs://5d687083ba51c1e1-gcf-source",
            "versioning": [],
            "website": []
          },
          "sensitive_attributes": [],
          "private": "eyJlMmJmYjczMC1lY2FhLTExZTYtOGY4OC0zNDM2M2JjN2M0YzAiOnsiY3JlYXRlIjo2MDAwMDAwMDAwMDAsInJlYWQiOjI0MDAwMDAwMDAwMCwidXBkYXRlIjoyNDAwMDAwMDAwMDB9LCJzY2hlbWFfdmVyc2lvbiI6IjEifQ==",
          "dependencies": [
            "random_id.bucket_prefix"
          ]
        }
      ]
    },
    {
      "mode": "managed",
      "type": "google_storage_bucket_object",
      "name": "default",
      "provider": "provider[\"registry.terraform.io/hashicorp/google\"]",
      "instances": [
        {
          "schema_version": 0,
          "attributes": {
            "bucket": "5d687083ba51c1e1-gcf-source",
            "cache_control": "",
            "content": null,
            "content_disposition": "",
            "content_encoding": "",
            "content_language": "",
            "content_type": "application/zip",
            "crc32c": "ZzaV8Q==",
            "customer_encryption": [],
            "detect_md5hash": "hgNd5s7juZ52FvGsFaK0jg==",
            "event_based_hold": false,
            "id": "5d687083ba51c1e1-gcf-source-function-source.zip",
            "kms_key_name": "",
            "md5hash": "hgNd5s7juZ52FvGsFaK0jg==",
            "media_link": "https://storage.googleapis.com/download/storage/v1/b/5d687083ba51c1e1-gcf-source/o/function-source.zip?generation=1701067165555779\u0026alt=media",
            "metadata": null,
            "name": "function-source.zip",
            "output_name": "function-source.zip",
            "retention": [],
            "self_link": "https://www.googleapis.com/storage/v1/b/5d687083ba51c1e1-gcf-source/o/function-source.zip",
            "source": "/tmp/function-source.zip",
            "storage_class": "STANDARD",
            "temporary_hold": false,
            "timeouts": null
          },
          "sensitive_attributes": [],
          "private": "eyJlMmJmYjczMC1lY2FhLTExZTYtOGY4OC0zNDM2M2JjN2M0YzAiOnsiY3JlYXRlIjoyNDAwMDAwMDAwMDAsImRlbGV0ZSI6MjQwMDAwMDAwMDAwLCJ1cGRhdGUiOjI0MDAwMDAwMDAwMH19",
          "dependencies": [
            "data.archive_file.default",
            "google_storage_bucket.default"
          ]
        }
      ]
    },
    {
      "mode": "managed",
      "type": "random_id",
      "name": "bucket_prefix",
      "provider": "provider[\"registry.terraform.io/hashicorp/random\"]",
      "instances": [
        {
          "schema_version": 0,
          "attributes": {
            "b64_std": "XWhwg7pRweE=",
            "b64_url": "XWhwg7pRweE",
            "byte_length": 8,
            "dec": "6730753354174153185",
            "hex": "5d687083ba51c1e1",
            "id": "XWhwg7pRweE",
            "keepers": null,
            "prefix": null
          },
          "sensitive_attributes": []
        }
      ]
    }
  ],
  "check_results": null
}
